
Microsoft Visual Studio Solution File, Format Version 12.00
# Visual Studio Version 16
VisualStudioVersion = 16.0.31424.327
MinimumVisualStudioVersion = 10.0.40219.1
Project("{8BC9CEB8-8B4A-11D0-8D11-00A0C91BC942}") = "tank-1990", "tank-1990\tank-1990.vcxproj", "{DB7DA745-9A9B-4E4A-8372-B91741212008}"
EndProject
Project("{8BC9CEB8-8B4A-11D0-8D11-00A0C91BC942}") = "app_state", "app_state\app_state.vcxproj", "{5BD8D73A-3634-4173-A6AE-2C80BDC7B5F5}"
EndProject
Project("{8BC9CEB8-8B4A-11D0-8D11-00A0C91BC942}") = "engine", "engine\engine.vcxproj", "{5874D67F-FEA0-45B3-92FA-4DAC8460A705}"
EndProject
Project("{8BC9CEB8-8B4A-11D0-8D11-00A0C91BC942}") = "objects", "objects\objects.vcxproj", "{908C512C-2DA7-4037-AB6C-9CB05640F9F4}"
EndProject
Global
	GlobalSection(SolutionConfigurationPlatforms) = preSolution
		Debug|x64 = Debug|x64
		Debug|x86 = Debug|x86
		Release|x64 = Release|x64
		Release|x86 = Release|x86
	EndGlobalSection
	GlobalSection(ProjectConfigurationPlatforms) = postSolution
		{DB7DA745-9A9B-4E4A-8372-B91741212008}.Debug|x64.ActiveCfg = Debug|x64
		{DB7DA745-9A9B-4E4A-8372-B91741212008}.Debug|x64.Build.0 = Debug|x64
		{DB7DA745-9A9B-4E4A-8372-B91741212008}.Debug|x86.ActiveCfg = Debug|Win32
		{DB7DA745-9A9B-4E4A-8372-B91741212008}.Debug|x86.Build.0 = Debug|Win32
		{DB7DA745-9A9B-4E4A-8372-B91741212008}.Release|x64.ActiveCfg = Release|x64
		{DB7DA745-9A9B-4E4A-8372-B91741212008}.Release|x64.Build.0 = Release|x64
		{DB7DA745-9A9B-4E4A-8372-B91741212008}.Release|x86.ActiveCfg = Release|Win32
		{DB7DA745-9A9B-4E4A-8372-B91741212008}.Release|x86.Build.0 = Release|Win32
		{5BD8D73A-3634-4173-A6AE-2C80BDC7B5F5}.Debug|x64.ActiveCfg = Debug|x64
		{5BD8D73A-3634-4173-A6AE-2C80BDC7B5F5}.Debug|x64.Build.0 = Debug|x64
		{5BD8D73A-3634-4173-A6AE-2C80BDC7B5F5}.Debug|x86.ActiveCfg = Debug|Win32
		{5BD8D73A-3634-4173-A6AE-2C80BDC7B5F5}.Debug|x86.Build.0 = Debug|Win32
		{5BD8D73A-3634-4173-A6AE-2C80BDC7B5F5}.Release|x64.ActiveCfg = Release|x64
		{5BD8D73A-3634-4173-A6AE-2C80BDC7B5F5}.Release|x64.Build.0 = Release|x64
		{5BD8D73A-3634-4173-A6AE-2C80BDC7B5F5}.Release|x86.ActiveCfg = Release|Win32
		{5BD8D73A-3634-4173-A6AE-2C80BDC7B5F5}.Release|x86.Build.0 = Release|Win32
		{5874D67F-FEA0-45B3-92FA-4DAC8460A705}.Debug|x64.ActiveCfg = Debug|x64
		{5874D67F-FEA0-45B3-92FA-4DAC8460A705}.Debug|x64.Build.0 = Debug|x64
		{5874D67F-FEA0-45B3-92FA-4DAC8460A705}.Debug|x86.ActiveCfg = Debug|Win32
		{5874D67F-FEA0-45B3-92FA-4DAC8460A705}.Debug|x86.Build.0 = Debug|Win32
		{5874D67F-FEA0-45B3-92FA-4DAC8460A705}.Release|x64.ActiveCfg = Release|x64
		{5874D67F-FEA0-45B3-92FA-4DAC8460A705}.Release|x64.Build.0 = Release|x64
		{5874D67F-FEA0-45B3-92FA-4DAC8460A705}.Release|x86.ActiveCfg = Release|Win32
		{5874D67F-FEA0-45B3-92FA-4DAC8460A705}.Release|x86.Build.0 = Release|Win32
		{908C512C-2DA7-4037-AB6C-9CB05640F9F4}.Debug|x64.ActiveCfg = Debug|x64
		{908C512C-2DA7-4037-AB6C-9CB05640F9F4}.Debug|x64.Build.0 = Debug|x64
		{908C512C-2DA7-4037-AB6C-9CB05640F9F4}.Debug|x86.ActiveCfg = Debug|Win32
		{908C512C-2DA7-4037-AB6C-9CB05640F9F4}.Debug|x86.Build.0 = Debug|Win32
		{908C512C-2DA7-4037-AB6C-9CB05640F9F4}.Release|x64.ActiveCfg = Release|x64
		{908C512C-2DA7-4037-AB6C-9CB05640F9F4}.Release|x64.Build.0 = Release|x64
		{908C512C-2DA7-4037-AB6C-9CB05640F9F4}.Release|x86.ActiveCfg = Release|Win32
		{908C512C-2DA7-4037-AB6C-9CB05640F9F4}.Release|x86.Build.0 = Release|Win32
	EndGlobalSection
	GlobalSection(SolutionProperties) = preSolution
		HideSolutionNode = FALSE
	EndGlobalSection
	GlobalSection(ExtensibilityGlobals) = postSolution
		SolutionGuid = {57B33ACD-DD59-4306-A063-4AB427D79E7F}
	EndGlobalSection
EndGlobal
